// !$*UTF8*$!
{
	archiveVersion = 1;
	classes = {
	};
	objectVersion = 46;
	objects = {

/* Begin PBXBuildFile section */
		E25B592C1E22D0AA0043DB9E /* Task.swift in Sources */ = {isa = PBXBuildFile; fileRef = E25B592B1E22D0AA0043DB9E /* Task.swift */; };
		E25B59321E22D51F0043DB9E /* ListViewController.swift in Sources */ = {isa = PBXBuildFile; fileRef = E25B59311E22D51F0043DB9E /* ListViewController.swift */; };
		E29480A21E2221E60020293A /* AppDelegate.swift in Sources */ = {isa = PBXBuildFile; fileRef = E29480A11E2221E60020293A /* AppDelegate.swift */; };
		E29480A41E2221E60020293A /* ViewController.swift in Sources */ = {isa = PBXBuildFile; fileRef = E29480A31E2221E60020293A /* ViewController.swift */; };
		E29480A71E2221E60020293A /* Main.storyboard in Resources */ = {isa = PBXBuildFile; fileRef = E29480A51E2221E60020293A /* Main.storyboard */; };
		E29480A91E2221E60020293A /* Assets.xcassets in Resources */ = {isa = PBXBuildFile; fileRef = E29480A81E2221E60020293A /* Assets.xcassets */; };
		E29480AC1E2221E60020293A /* LaunchScreen.storyboard in Resources */ = {isa = PBXBuildFile; fileRef = E29480AA1E2221E60020293A /* LaunchScreen.storyboard */; };
		E29480B71E2221E60020293A /* PlannerTests.swift in Sources */ = {isa = PBXBuildFile; fileRef = E29480B61E2221E60020293A /* PlannerTests.swift */; };
/* End PBXBuildFile section */

/* Begin PBXContainerItemProxy section */
		E29480B31E2221E60020293A /* PBXContainerItemProxy */ = {
			isa = PBXContainerItemProxy;
			containerPortal = E29480961E2221E60020293A /* Project object */;
			proxyType = 1;
			remoteGlobalIDString = E294809D1E2221E60020293A;
			remoteInfo = Planner;
		};
/* End PBXContainerItemProxy section */

/* Begin PBXFileReference section */
		E25B592B1E22D0AA0043DB9E /* Task.swift */ = {isa = PBXFileReference; fileEncoding = 4; lastKnownFileType = sourcecode.swift; path = Task.swift; sourceTree = "<group>"; };
		E25B59311E22D51F0043DB9E /* ListViewController.swift */ = {isa = PBXFileReference; fileEncoding = 4; lastKnownFileType = sourcecode.swift; path = ListViewController.swift; sourceTree = "<group>"; };
		E294809E1E2221E60020293A /* Planner.app */ = {isa = PBXFileReference; explicitFileType = wrapper.application; includeInIndex = 0; path = Planner.app; sourceTree = BUILT_PRODUCTS_DIR; };
		E29480A11E2221E60020293A /* AppDelegate.swift */ = {isa = PBXFileReference; lastKnownFileType = sourcecode.swift; path = AppDelegate.swift; sourceTree = "<group>"; };
		E29480A31E2221E60020293A /* ViewController.swift */ = {isa = PBXFileReference; lastKnownFileType = sourcecode.swift; path = ViewController.swift; sourceTree = "<group>"; };
		E29480A61E2221E60020293A /* Base */ = {isa = PBXFileReference; lastKnownFileType = file.storyboard; name = Base; path = Base.lproj/Main.storyboard; sourceTree = "<group>"; };
		E29480A81E2221E60020293A /* Assets.xcassets */ = {isa = PBXFileReference; lastKnownFileType = folder.assetcatalog; path = Assets.xcassets; sourceTree = "<group>"; };
		E29480AB1E2221E60020293A /* Base */ = {isa = PBXFileReference; lastKnownFileType = file.storyboard; name = Base; path = Base.lproj/LaunchScreen.storyboard; sourceTree = "<group>"; };
		E29480AD1E2221E60020293A /* Info.plist */ = {isa = PBXFileReference; lastKnownFileType = text.plist.xml; path = Info.plist; sourceTree = "<group>"; };
		E29480B21E2221E60020293A /* PlannerTests.xctest */ = {isa = PBXFileReference; explicitFileType = wrapper.cfbundle; includeInIndex = 0; path = PlannerTests.xctest; sourceTree = BUILT_PRODUCTS_DIR; };
		E29480B61E2221E60020293A /* PlannerTests.swift */ = {isa = PBXFileReference; lastKnownFileType = sourcecode.swift; path = PlannerTests.swift; sourceTree = "<group>"; };
		E29480B81E2221E60020293A /* Info.plist */ = {isa = PBXFileReference; lastKnownFileType = text.plist.xml; path = Info.plist; sourceTree = "<group>"; };
/* End PBXFileReference section */

/* Begin PBXFrameworksBuildPhase section */
		E294809B1E2221E60020293A /* Frameworks */ = {
			isa = PBXFrameworksBuildPhase;
			buildActionMask = 2147483647;
			files = (
			);
			runOnlyForDeploymentPostprocessing = 0;
		};
		E29480AF1E2221E60020293A /* Frameworks */ = {
			isa = PBXFrameworksBuildPhase;
			buildActionMask = 2147483647;
			files = (
			);
			runOnlyForDeploymentPostprocessing = 0;
		};
/* End PBXFrameworksBuildPhase section */

/* Begin PBXGroup section */
		E29480951E2221E60020293A = {
			isa = PBXGroup;
			children = (
				E29480A01E2221E60020293A /* Planner */,
				E29480B51E2221E60020293A /* PlannerTests */,
				E294809F1E2221E60020293A /* Products */,
			);
			sourceTree = "<group>";
		};
		E294809F1E2221E60020293A /* Products */ = {
			isa = PBXGroup;
			children = (
				E294809E1E2221E60020293A /* Planner.app */,
				E29480B21E2221E60020293A /* PlannerTests.xctest */,
			);
			name = Products;
			sourceTree = "<group>";
		};
		E29480A01E2221E60020293A /* Planner */ = {
			isa = PBXGroup;
			children = (
				E29480A11E2221E60020293A /* AppDelegate.swift */,
				E29480A31E2221E60020293A /* ViewController.swift */,
				E25B592B1E22D0AA0043DB9E /* Task.swift */,
				E25B59311E22D51F0043DB9E /* ListViewController.swift */,
				E29480A51E2221E60020293A /* Main.storyboard */,
				E29480A81E2221E60020293A /* Assets.xcassets */,
				E29480AA1E2221E60020293A /* LaunchScreen.storyboard */,
				E29480AD1E2221E60020293A /* Info.plist */,
			);
			path = Planner;
			sourceTree = "<group>";
		};
		E29480B51E2221E60020293A /* PlannerTests */ = {
			isa = PBXGroup;
			children = (
				E29480B61E2221E60020293A /* PlannerTests.swift */,
				E29480B81E2221E60020293A /* Info.plist */,
			);
			path = PlannerTests;
			sourceTree = "<group>";
		};
/* End PBXGroup section */

/* Begin PBXNativeTarget section */
		E294809D1E2221E60020293A /* Planner */ = {
			isa = PBXNativeTarget;
			buildConfigurationList = E29480BB1E2221E60020293A /* Build configuration list for PBXNativeTarget "Planner" */;
			buildPhases = (
				E294809A1E2221E60020293A /* Sources */,
				E294809B1E2221E60020293A /* Frameworks */,
				E294809C1E2221E60020293A /* Resources */,
			);
			buildRules = (
			);
			dependencies = (
			);
			name = Planner;
			productName = Planner;
			productReference = E294809E1E2221E60020293A /* Planner.app */;
			productType = "com.apple.product-type.application";
		};
		E29480B11E2221E60020293A /* PlannerTests */ = {
			isa = PBXNativeTarget;
			buildConfigurationList = E29480BE1E2221E60020293A /* Build configuration list for PBXNativeTarget "PlannerTests" */;
			buildPhases = (
				E29480AE1E2221E60020293A /* Sources */,
				E29480AF1E2221E60020293A /* Frameworks */,
				E29480B01E2221E60020293A /* Resources */,
			);
			buildRules = (
			);
			dependencies = (
				E29480B41E2221E60020293A /* PBXTargetDependency */,
			);
			name = PlannerTests;
			productName = PlannerTests;
			productReference = E29480B21E2221E60020293A /* PlannerTests.xctest */;
			productType = "com.apple.product-type.bundle.unit-test";
		};
/* End PBXNativeTarget section */

/* Begin PBXProject section */
		E29480961E2221E60020293A /* Project object */ = {
			isa = PBXProject;
			attributes = {
				LastSwiftUpdateCheck = 0820;
				LastUpgradeCheck = 0820;
				ORGANIZATIONNAME = "Nikolas Nikravesh";
				TargetAttributes = {
					E294809D1E2221E60020293A = {
						CreatedOnToolsVersion = 8.2.1;
						DevelopmentTeam = 9VSHE86NH8;
						ProvisioningStyle = Automatic;
					};
					E29480B11E2221E60020293A = {
						CreatedOnToolsVersion = 8.2.1;
						DevelopmentTeam = 9VSHE86NH8;
						ProvisioningStyle = Automatic;
						TestTargetID = E294809D1E2221E60020293A;
					};
				};
			};
			buildConfigurationList = E29480991E2221E60020293A /* Build configuration list for PBXProject "Planner" */;
			compatibilityVersion = "Xcode 3.2";
			developmentRegion = English;
			hasScannedForEncodings = 0;
			knownRegions = (
				en,
				Base,
			);
			mainGroup = E29480951E2221E60020293A;
			productRefGroup = E294809F1E2221E60020293A /* Products */;
			projectDirPath = "";
			projectRoot = "";
			targets = (
				E294809D1E2221E60020293A /* Planner */,
				E29480B11E2221E60020293A /* PlannerTests */,
			);
		};
/* End PBXProject section */

/* Begin PBXResourcesBuildPhase section */
		E294809C1E2221E60020293A /* Resources */ = {
			isa = PBXResourcesBuildPhase;
			buildActionMask = 2147483647;
			files = (
				E29480AC1E2221E60020293A /* LaunchScreen.storyboard in Resources */,
				E29480A91E2221E60020293A /* Assets.xcassets in Resources */,
				E29480A71E2221E60020293A /* Main.storyboard in Resources */,
			);
			runOnlyForDeploymentPostprocessing = 0;
		};
		E29480B01E2221E60020293A /* Resources */ = {
			isa = PBXResourcesBuildPhase;
			buildActionMask = 2147483647;
			files = (
			);
			runOnlyForDeploymentPostprocessing = 0;
		};
/* End PBXResourcesBuildPhase section */

/* Begin PBXSourcesBuildPhase section */
		E294809A1E2221E60020293A /* Sources */ = {
			isa = PBXSourcesBuildPhase;
			buildActionMask = 2147483647;
			files = (
				E29480A41E2221E60020293A /* ViewController.swift in Sources */,
				E25B592C1E22D0AA0043DB9E /* Task.swift in Sources */,
				E25B59321E22D51F0043DB9E /* ListViewController.swift in Sources */,
				E29480A21E2221E60020293A /* AppDelegate.swift in Sources */,
			);
			runOnlyForDeploymentPostprocessing = 0;
		};
		E29480AE1E2221E60020293A /* Sources */ = {
			isa = PBXSourcesBuildPhase;
			buildActionMask = 2147483647;
			files = (
				E29480B71E2221E60020293A /* PlannerTests.swift in Sources */,
			);
			runOnlyForDeploymentPostprocessing = 0;
		};
/* End PBXSourcesBuildPhase section */

/* Begin PBXTargetDependency section */
		E29480B41E2221E60020293A /* PBXTargetDependency */ = {
			isa = PBXTargetDependency;
			target = E294809D1E2221E60020293A /* Planner */;
			targetProxy = E29480B31E2221E60020293A /* PBXContainerItemProxy */;
		};
/* End PBXTargetDependency section */

/* Begin PBXVariantGroup section */
		E29480A51E2221E60020293A /* Main.storyboard */ = {
			isa = PBXVariantGroup;
			children = (
				E29480A61E2221E60020293A /* Base */,
			);
			name = Main.storyboard;
			sourceTree = "<group>";
		};
		E29480AA1E2221E60020293A /* LaunchScreen.storyboard */ = {
			isa = PBXVariantGroup;
			children = (
				E29480AB1E2221E60020293A /* Base */,
			);
			name = LaunchScreen.storyboard;
			sourceTree = "<group>";
		};
/* End PBXVariantGroup section */

/* Begin XCBuildConfiguration section */
		E29480B91E2221E60020293A /* Debug */ = {
			isa = XCBuildConfiguration;
			buildSettings = {
				ALWAYS_SEARCH_USER_PATHS = NO;
				CLANG_ANALYZER_NONNULL = YES;
				CLANG_CXX_LANGUAGE_STANDARD = "gnu++0x";
				CLANG_CXX_LIBRARY = "libc++";
				CLANG_ENABLE_MODULES = YES;
				CLANG_ENABLE_OBJC_ARC = YES;
				CLANG_WARN_BOOL_CONVERSION = YES;
				CLANG_WARN_CONSTANT_CONVERSION = YES;
				CLANG_WARN_DIRECT_OBJC_ISA_USAGE = YES_ERROR;
				CLANG_WARN_DOCUMENTATION_COMMENTS = YES;
				CLANG_WARN_EMPTY_BODY = YES;
				CLANG_WARN_ENUM_CONVERSION = YES;
				CLANG_WARN_INFINITE_RECURSION = YES;
				CLANG_WARN_INT_CONVERSION = YES;
				CLANG_WARN_OBJC_ROOT_CLASS = YES_ERROR;
				CLANG_WARN_SUSPICIOUS_MOVE = YES;
				CLANG_WARN_UNREACHABLE_CODE = YES;
				CLANG_WARN__DUPLICATE_METHOD_MATCH = YES;
				"CODE_SIGN_IDENTITY[sdk=iphoneos*]" = "iPhone Developer";
				COPY_PHASE_STRIP = NO;
				DEBUG_INFORMATION_FORMAT = dwarf;
				ENABLE_STRICT_OBJC_MSGSEND = YES;
				ENABLE_TESTABILITY = YES;
				GCC_C_LANGUAGE_STANDARD = gnu99;
				GCC_DYNAMIC_NO_PIC = NO;
				GCC_NO_COMMON_BLOCKS = YES;
				GCC_OPTIMIZATION_LEVEL = 0;
				GCC_PREPROCESSOR_DEFINITIONS = (
					"DEBUG=1",
					"$(inherited)",
				);
				GCC_WARN_64_TO_32_BIT_CONVERSION = YES;
				GCC_WARN_ABOUT_RETURN_TYPE = YES_ERROR;
				GCC_WARN_UNDECLARED_SELECTOR = YES;
				GCC_WARN_UNINITIALIZED_AUTOS = YES_AGGRESSIVE;
				GCC_WARN_UNUSED_FUNCTION = YES;
				GCC_WARN_UNUSED_VARIABLE = YES;
				IPHONEOS_DEPLOYMENT_TARGET = 10.2;
				MTL_ENABLE_DEBUG_INFO = YES;
				ONLY_ACTIVE_ARCH = YES;
				SDKROOT = iphoneos;
				SWIFT_ACTIVE_COMPILATION_CONDITIONS = DEBUG;
				SWIFT_OPTIMIZATION_LEVEL = "-Onone";
				TARGETED_DEVICE_FAMILY = "1,2";
			};
			name = Debug;
		};
		E29480BA1E2221E60020293A /* Release */ = {
			isa = XCBuildConfiguration;
			buildSettings = {
				ALWAYS_SEARCH_USER_PATHS = NO;
				CLANG_ANALYZER_NONNULL = YES;
				CLANG_CXX_LANGUAGE_STANDARD = "gnu++0x";
				CLANG_CXX_LIBRARY = "libc++";
				CLANG_ENABLE_MODULES = YES;
				CLANG_ENABLE_OBJC_ARC = YES;
				CLANG_WARN_BOOL_CONVERSION = YES;
				CLANG_WARN_CONSTANT_CONVERSION = YES;
				CLANG_WARN_DIRECT_OBJC_ISA_USAGE = YES_ERROR;
				CLANG_WARN_DOCUMENTATION_COMMENTS = YES;
				CLANG_WARN_EMPTY_BODY = YES;
				CLANG_WARN_ENUM_CONVERSION = YES;
				CLANG_WARN_INFINITE_RECURSION = YES;
				CLANG_WARN_INT_CONVERSION = YES;
				CLANG_WARN_OBJC_ROOT_CLASS = YES_ERROR;
				CLANG_WARN_SUSPICIOUS_MOVE = YES;
				CLANG_WARN_UNREACHABLE_CODE = YES;
				CLANG_WARN__DUPLICATE_METHOD_MATCH = YES;
				"CODE_SIGN_IDENTITY[sdk=iphoneos*]" = "iPhone Developer";
				COPY_PHASE_STRIP = NO;
				DEBUG_INFORMATION_FORMAT = "dwarf-with-dsym";
				ENABLE_NS_ASSERTIONS = NO;
				ENABLE_STRICT_OBJC_MSGSEND = YES;
				GCC_C_LANGUAGE_STANDARD = gnu99;
				GCC_NO_COMMON_BLOCKS = YES;
				GCC_WARN_64_TO_32_BIT_CONVERSION = YES;
				GCC_WARN_ABOUT_RETURN_TYPE = YES_ERROR;
				GCC_WARN_UNDECLARED_SELECTOR = YES;
				GCC_WARN_UNINITIALIZED_AUTOS = YES_AGGRESSIVE;
				GCC_WARN_UNUSED_FUNCTION = YES;
				GCC_WARN_UNUSED_VARIABLE = YES;
				IPHONEOS_DEPLOYMENT_TARGET = 10.2;
				MTL_ENABLE_DEBUG_INFO = NO;
				SDKROOT = iphoneos;
				SWIFT_OPTIMIZATION_LEVEL = "-Owholemodule";
				TARGETED_DEVICE_FAMILY = "1,2";
				VALIDATE_PRODUCT = YES;
			};
			name = Release;
		};
		E29480BC1E2221E60020293A /* Debug */ = {
			isa = XCBuildConfiguration;
			buildSettings = {
				ASSETCATALOG_COMPILER_APPICON_NAME = AppIcon;
				DEVELOPMENT_TEAM = 9VSHE86NH8;
				INFOPLIST_FILE = Planner/Info.plist;
				IPHONEOS_DEPLOYMENT_TARGET = 9.3;
				LD_RUNPATH_SEARCH_PATHS = "$(inherited) @executable_path/Frameworks";
				PRODUCT_BUNDLE_IDENTIFIER = com.Basic.Planner;
				PRODUCT_NAME = "$(TARGET_NAME)";
				SWIFT_VERSION = 3.0;
			};
			name = Debug;
		};
		E29480BD1E2221E60020293A /* Release */ = {
			isa = XCBuildConfiguration;
			buildSettings = {
				ASSETCATALOG_COMPILER_APPICON_NAME = AppIcon;
				DEVELOPMENT_TEAM = 9VSHE86NH8;
				INFOPLIST_FILE = Planner/Info.plist;
				IPHONEOS_DEPLOYMENT_TARGET = 9.3;
				LD_RUNPATH_SEARCH_PATHS = "$(inherited) @executable_path/Frameworks";
				PRODUCT_BUNDLE_IDENTIFIER = com.Basic.Planner;
				PRODUCT_NAME = "$(TARGET_NAME)";
				SWIFT_VERSION = 3.0;
			};
			name = Release;
		};
		E29480BF1E2221E60020293A /* Debug */ = {
			isa = XCBuildConfiguration;
			buildSettings = {
				ALWAYS_EMBED_SWIFT_STANDARD_LIBRARIES = YES;
				BUNDLE_LOADER = "$(TEST_HOST)";
				DEVELOPMENT_TEAM = 9VSHE86NH8;
				INFOPLIST_FILE = PlannerTests/Info.plist;
				LD_RUNPATH_SEARCH_PATHS = "$(inherited) @executable_path/Frameworks @loader_path/Frameworks";
				PRODUCT_BUNDLE_IDENTIFIER = com.Basic.PlannerTests;
				PRODUCT_NAME = "$(TARGET_NAME)";
				SWIFT_VERSION = 3.0;
				TEST_HOST = "$(BUILT_PRODUCTS_DIR)/Planner.app/Planner";
			};
			name = Debug;
		};
		E29480C01E2221E60020293A /* Release */ = {
			isa = XCBuildConfiguration;
			buildSettings = {
				ALWAYS_EMBED_SWIFT_STANDARD_LIBRARIES = YES;
				BUNDLE_LOADER = "$(TEST_HOST)";
				DEVELOPMENT_TEAM = 9VSHE86NH8;
				INFOPLIST_FILE = PlannerTests/Info.plist;
				LD_RUNPATH_SEARCH_PATHS = "$(inherited) @executable_path/Frameworks @loader_path/Frameworks";
				PRODUCT_BUNDLE_IDENTIFIER = com.Basic.PlannerTests;
				PRODUCT_NAME = "$(TARGET_NAME)";
				SWIFT_VERSION = 3.0;
				TEST_HOST = "$(BUILT_PRODUCTS_DIR)/Planner.app/Planner";
			};
			name = Release;
		};
/* End XCBuildConfiguration section */

/* Begin XCConfigurationList section */
		E29480991E2221E60020293A /* Build configuration list for PBXProject "Planner" */ = {
			isa = XCConfigurationList;
			buildConfigurations = (
				E29480B91E2221E60020293A /* Debug */,
				E29480BA1E2221E60020293A /* Release */,
			);
			defaultConfigurationIsVisible = 0;
			defaultConfigurationName = Release;
		};
		E29480BB1E2221E60020293A /* Build configuration list for PBXNativeTarget "Planner" */ = {
			isa = XCConfigurationList;
			buildConfigurations = (
				E29480BC1E2221E60020293A /* Debug */,
				E29480BD1E2221E60020293A /* Release */,
			);
			defaultConfigurationIsVisible = 0;
			defaultConfigurationName = Release;
		};
		E29480BE1E2221E60020293A /* Build configuration list for PBXNativeTarget "PlannerTests" */ = {
			isa = XCConfigurationList;
			buildConfigurations = (
				E29480BF1E2221E60020293A /* Debug */,
				E29480C01E2221E60020293A /* Release */,
			);
			defaultConfigurationIsVisible = 0;
			defaultConfigurationName = Release;
		};
/* End XCConfigurationList section */
	};
	rootObject = E29480961E2221E60020293A /* Project object */;
}
